
Microsoft Visual Studio Solution File, Format Version 12.00
# Visual Studio Version 17
VisualStudioVersion = 17.13.35931.197 d17.13
MinimumVisualStudioVersion = 10.0.40219.1
Project("{FAE04EC0-301F-11D3-BF4B-00C04F79EFBC}") = "ECatalog.API", "ECatalog.API\ECatalog.API.csproj", "{DC3D882E-748C-4D49-B735-0104AF7A5D7E}"
EndProject
Global
	GlobalSection(SolutionConfigurationPlatforms) = preSolution
		Debug|Any CPU = Debug|Any CPU
		Release|Any CPU = Release|Any CPU
	EndGlobalSection
	GlobalSection(ProjectConfigurationPlatforms) = postSolution
		{DC3D882E-748C-4D49-B735-0104AF7A5D7E}.Debug|Any CPU.ActiveCfg = Debug|Any CPU
		{DC3D882E-748C-4D49-B735-0104AF7A5D7E}.Debug|Any CPU.Build.0 = Debug|Any CPU
		{DC3D882E-748C-4D49-B735-0104AF7A5D7E}.Release|Any CPU.ActiveCfg = Release|Any CPU
		{DC3D882E-748C-4D49-B735-0104AF7A5D7E}.Release|Any CPU.Build.0 = Release|Any CPU
	EndGlobalSection
	GlobalSection(SolutionProperties) = preSolution
		HideSolutionNode = FALSE
	EndGlobalSection
	GlobalSection(ExtensibilityGlobals) = postSolution
		SolutionGuid = {44C96816-4AF3-4D04-B333-53906A98C776}
	EndGlobalSection
EndGlobal
